{
  "nodes": {
    "nixpkgs": {
      "locked": {
        "lastModified": 1750506804,
        "narHash": "sha256-VLFNc4egNjovYVxDGyBYTrvVCgDYgENp5bVi9fPTDYc=",
        "owner": "NixOS",
        "repo": "nixpkgs",
        "rev": "4206c4cb56751df534751b058295ea61357bbbaa",
        "type": "github"
      },
      "original": {
        "id": "nixpkgs",
        "ref": "nixos-unstable",
        "type": "indirect"
      }
    },
    "quickshell": {
      "inputs": {
        "nixpkgs": [
          "nixpkgs"
        ]
      },
      "locked": {
        "lastModified": 1750535835,
        "narHash": "sha256-XnVSY70rW3DsMdftazi0xr0rMGnyclBlG7sSTLwktI4=",
        "ref": "refs/heads/master",
        "rev": "20c3da01f1b2bc038582eee831e4f5055b4f71ff",
        "revCount": 594,
        "type": "git",
        "url": "https://git.outfoxxed.me/outfoxxed/quickshell"
      },
      "original": {
        "type": "git",
        "url": "https://git.outfoxxed.me/outfoxxed/quickshell"
      }
    },
    "root": {
      "inputs": {
        "nixpkgs": "nixpkgs",
        "quickshell": "quickshell"
      }
    }
  },
  "root": "root",
  "version": 7
}
